
Microsoft Visual Studio Solution File, Format Version 12.00
# Visual Studio Version 17
VisualStudioVersion = 17.3.32922.545
MinimumVisualStudioVersion = 10.0.40219.1
Project("{2150E333-8FDC-42A3-9474-1A3956D46DE8}") = "Services", "Services", "{236FA069-EE41-4EC0-9998-8A6FA3726527}"
EndProject
Project("{2150E333-8FDC-42A3-9474-1A3956D46DE8}") = "Catalog", "Catalog", "{C9EF5779-BE61-4E14-B260-51F9952EC662}"
EndProject
Project("{9A19103F-16F7-4668-BE54-9A1E7A4F7556}") = "Catalog.Api", "Services\Catalog\Catalog.Api\Catalog.Api.csproj", "{40533724-7E85-45F7-B2AD-0980C4E884FD}"
EndProject
Project("{E53339B2-1760-4266-BCC7-CA923CBCF16C}") = "docker-compose", "docker-compose.dcproj", "{8130F1E3-6F94-405A-A3FA-D4082B5F839F}"
EndProject
Global
	GlobalSection(SolutionConfigurationPlatforms) = preSolution
		Debug|Any CPU = Debug|Any CPU
		Release|Any CPU = Release|Any CPU
	EndGlobalSection
	GlobalSection(ProjectConfigurationPlatforms) = postSolution
		{40533724-7E85-45F7-B2AD-0980C4E884FD}.Debug|Any CPU.ActiveCfg = Debug|Any CPU
		{40533724-7E85-45F7-B2AD-0980C4E884FD}.Debug|Any CPU.Build.0 = Debug|Any CPU
		{40533724-7E85-45F7-B2AD-0980C4E884FD}.Release|Any CPU.ActiveCfg = Release|Any CPU
		{40533724-7E85-45F7-B2AD-0980C4E884FD}.Release|Any CPU.Build.0 = Release|Any CPU
		{8130F1E3-6F94-405A-A3FA-D4082B5F839F}.Debug|Any CPU.ActiveCfg = Debug|Any CPU
		{8130F1E3-6F94-405A-A3FA-D4082B5F839F}.Debug|Any CPU.Build.0 = Debug|Any CPU
		{8130F1E3-6F94-405A-A3FA-D4082B5F839F}.Release|Any CPU.ActiveCfg = Release|Any CPU
		{8130F1E3-6F94-405A-A3FA-D4082B5F839F}.Release|Any CPU.Build.0 = Release|Any CPU
	EndGlobalSection
	GlobalSection(SolutionProperties) = preSolution
		HideSolutionNode = FALSE
	EndGlobalSection
	GlobalSection(NestedProjects) = preSolution
		{C9EF5779-BE61-4E14-B260-51F9952EC662} = {236FA069-EE41-4EC0-9998-8A6FA3726527}
		{40533724-7E85-45F7-B2AD-0980C4E884FD} = {C9EF5779-BE61-4E14-B260-51F9952EC662}
	EndGlobalSection
	GlobalSection(ExtensibilityGlobals) = postSolution
		SolutionGuid = {83AFF30C-0116-4808-A47A-3905582A39DB}
	EndGlobalSection
EndGlobal
